
Microsoft Visual Studio Solution File, Format Version 12.00
# Visual Studio Version 17
VisualStudioVersion = 17.0.31903.59
MinimumVisualStudioVersion = 10.0.40219.1
Project("{FAE04EC0-301F-11D3-BF4B-00C04F79EFBC}") = "Contracts", "Contracts\Contracts.csproj", "{CC6DBEB7-C9AD-4F3F-A27B-761340DC918C}"
EndProject
Project("{FAE04EC0-301F-11D3-BF4B-00C04F79EFBC}") = "Sensores", "Sensores\Sensores.csproj", "{08744665-8E6B-4548-87ED-F2466E4ED1F7}"
EndProject
Global
	GlobalSection(SolutionConfigurationPlatforms) = preSolution
		Debug|Any CPU = Debug|Any CPU
		Release|Any CPU = Release|Any CPU
	EndGlobalSection
	GlobalSection(ProjectConfigurationPlatforms) = postSolution
		{CC6DBEB7-C9AD-4F3F-A27B-761340DC918C}.Debug|Any CPU.ActiveCfg = Debug|Any CPU
		{CC6DBEB7-C9AD-4F3F-A27B-761340DC918C}.Debug|Any CPU.Build.0 = Debug|Any CPU
		{CC6DBEB7-C9AD-4F3F-A27B-761340DC918C}.Release|Any CPU.ActiveCfg = Release|Any CPU
		{CC6DBEB7-C9AD-4F3F-A27B-761340DC918C}.Release|Any CPU.Build.0 = Release|Any CPU
		{08744665-8E6B-4548-87ED-F2466E4ED1F7}.Debug|Any CPU.ActiveCfg = Debug|Any CPU
		{08744665-8E6B-4548-87ED-F2466E4ED1F7}.Debug|Any CPU.Build.0 = Debug|Any CPU
		{08744665-8E6B-4548-87ED-F2466E4ED1F7}.Release|Any CPU.ActiveCfg = Release|Any CPU
		{08744665-8E6B-4548-87ED-F2466E4ED1F7}.Release|Any CPU.Build.0 = Release|Any CPU
	EndGlobalSection
	GlobalSection(SolutionProperties) = preSolution
		HideSolutionNode = FALSE
	EndGlobalSection
EndGlobal
