
Microsoft Visual Studio Solution File, Format Version 12.00
# Visual Studio Version 17
VisualStudioVersion = 17.0.31903.59
MinimumVisualStudioVersion = 10.0.40219.1
Project("{FAE04EC0-301F-11D3-BF4B-00C04F79EFBC}") = "Contracts", "Contracts\Contracts.csproj", "{CC6DBEB7-C9AD-4F3F-A27B-761340DC918C}"
EndProject
Project("{FAE04EC0-301F-11D3-BF4B-00C04F79EFBC}") = "Sensors", "Sensors\Sensors.csproj", "{08744665-8E6B-4548-87ED-F2466E4ED1F7}"
EndProject
Project("{2150E333-8FDC-42A3-9474-1A3956D46DE8}") = "Weather", "Weather", "{9B5714E8-4181-4EF2-8EDD-F2F1A204E4D3}"
EndProject
Project("{FAE04EC0-301F-11D3-BF4B-00C04F79EFBC}") = "Weather.Application", "Weather\Application\Weather.Application.csproj", "{45698811-1381-436E-8545-3E078C0439A5}"
EndProject
Project("{FAE04EC0-301F-11D3-BF4B-00C04F79EFBC}") = "Weather.UnitTests", "Weather.UnitTests\Weather.UnitTests.csproj", "{F83298DE-4E53-45BF-85DF-2E4381A1079D}"
EndProject
Project("{FAE04EC0-301F-11D3-BF4B-00C04F79EFBC}") = "Sensors.UnitTests", "Sensors.UnitTests\Sensors.UnitTests.csproj", "{BF1F84BD-DC25-432D-BAAE-FEC94BB6A088}"
EndProject
Global
	GlobalSection(SolutionConfigurationPlatforms) = preSolution
		Debug|Any CPU = Debug|Any CPU
		Release|Any CPU = Release|Any CPU
	EndGlobalSection
	GlobalSection(ProjectConfigurationPlatforms) = postSolution
		{CC6DBEB7-C9AD-4F3F-A27B-761340DC918C}.Debug|Any CPU.ActiveCfg = Debug|Any CPU
		{CC6DBEB7-C9AD-4F3F-A27B-761340DC918C}.Debug|Any CPU.Build.0 = Debug|Any CPU
		{CC6DBEB7-C9AD-4F3F-A27B-761340DC918C}.Release|Any CPU.ActiveCfg = Release|Any CPU
		{CC6DBEB7-C9AD-4F3F-A27B-761340DC918C}.Release|Any CPU.Build.0 = Release|Any CPU
		{08744665-8E6B-4548-87ED-F2466E4ED1F7}.Debug|Any CPU.ActiveCfg = Debug|Any CPU
		{08744665-8E6B-4548-87ED-F2466E4ED1F7}.Debug|Any CPU.Build.0 = Debug|Any CPU
		{08744665-8E6B-4548-87ED-F2466E4ED1F7}.Release|Any CPU.ActiveCfg = Release|Any CPU
		{08744665-8E6B-4548-87ED-F2466E4ED1F7}.Release|Any CPU.Build.0 = Release|Any CPU
		{45698811-1381-436E-8545-3E078C0439A5}.Debug|Any CPU.ActiveCfg = Debug|Any CPU
		{45698811-1381-436E-8545-3E078C0439A5}.Debug|Any CPU.Build.0 = Debug|Any CPU
		{45698811-1381-436E-8545-3E078C0439A5}.Release|Any CPU.ActiveCfg = Release|Any CPU
		{45698811-1381-436E-8545-3E078C0439A5}.Release|Any CPU.Build.0 = Release|Any CPU
		{F83298DE-4E53-45BF-85DF-2E4381A1079D}.Debug|Any CPU.ActiveCfg = Debug|Any CPU
		{F83298DE-4E53-45BF-85DF-2E4381A1079D}.Debug|Any CPU.Build.0 = Debug|Any CPU
		{F83298DE-4E53-45BF-85DF-2E4381A1079D}.Release|Any CPU.ActiveCfg = Release|Any CPU
		{F83298DE-4E53-45BF-85DF-2E4381A1079D}.Release|Any CPU.Build.0 = Release|Any CPU
		{BF1F84BD-DC25-432D-BAAE-FEC94BB6A088}.Debug|Any CPU.ActiveCfg = Debug|Any CPU
		{BF1F84BD-DC25-432D-BAAE-FEC94BB6A088}.Debug|Any CPU.Build.0 = Debug|Any CPU
		{BF1F84BD-DC25-432D-BAAE-FEC94BB6A088}.Release|Any CPU.ActiveCfg = Release|Any CPU
		{BF1F84BD-DC25-432D-BAAE-FEC94BB6A088}.Release|Any CPU.Build.0 = Release|Any CPU
	EndGlobalSection
	GlobalSection(SolutionProperties) = preSolution
		HideSolutionNode = FALSE
	EndGlobalSection
	GlobalSection(NestedProjects) = preSolution
		{45698811-1381-436E-8545-3E078C0439A5} = {9B5714E8-4181-4EF2-8EDD-F2F1A204E4D3}
	EndGlobalSection
EndGlobal
